
Microsoft Visual Studio Solution File, Format Version 12.00
# Visual Studio Version 16
VisualStudioVersion = 16.0.31515.178
MinimumVisualStudioVersion = 10.0.40219.1
Project("{FAE04EC0-301F-11D3-BF4B-00C04F79EFBC}") = "HairDresserWPF", "HairDresserWPF\HairDresserWPF.csproj", "{B5C92366-0613-427B-AD81-6578B292B422}"
EndProject
Project("{FAE04EC0-301F-11D3-BF4B-00C04F79EFBC}") = "HairDresserApp2", "HairDresserApp2\HairDresserApp2\HairDresserApp2.csproj", "{95D8DCC7-032D-4256-99E9-2346DBD995AE}"
EndProject
Global
	GlobalSection(SolutionConfigurationPlatforms) = preSolution
		Debug|Any CPU = Debug|Any CPU
		Release|Any CPU = Release|Any CPU
	EndGlobalSection
	GlobalSection(ProjectConfigurationPlatforms) = postSolution
		{B5C92366-0613-427B-AD81-6578B292B422}.Debug|Any CPU.ActiveCfg = Debug|Any CPU
		{B5C92366-0613-427B-AD81-6578B292B422}.Debug|Any CPU.Build.0 = Debug|Any CPU
		{B5C92366-0613-427B-AD81-6578B292B422}.Release|Any CPU.ActiveCfg = Release|Any CPU
		{B5C92366-0613-427B-AD81-6578B292B422}.Release|Any CPU.Build.0 = Release|Any CPU
		{95D8DCC7-032D-4256-99E9-2346DBD995AE}.Debug|Any CPU.ActiveCfg = Debug|Any CPU
		{95D8DCC7-032D-4256-99E9-2346DBD995AE}.Debug|Any CPU.Build.0 = Debug|Any CPU
		{95D8DCC7-032D-4256-99E9-2346DBD995AE}.Release|Any CPU.ActiveCfg = Release|Any CPU
		{95D8DCC7-032D-4256-99E9-2346DBD995AE}.Release|Any CPU.Build.0 = Release|Any CPU
	EndGlobalSection
	GlobalSection(SolutionProperties) = preSolution
		HideSolutionNode = FALSE
	EndGlobalSection
	GlobalSection(ExtensibilityGlobals) = postSolution
		SolutionGuid = {76A8EA36-5DFE-4982-B727-2072B8483EA0}
	EndGlobalSection
EndGlobal
